// !$*UTF8*$!
{
	archiveVersion = 1;
	classes = {
	};
	objectVersion = 46;
	objects = {

/* Begin PBXBuildFile section */
		5D8589441AE8F19300E25B89 /* AppDelegate.swift in Sources */ = {isa = PBXBuildFile; fileRef = 5D8589431AE8F19300E25B89 /* AppDelegate.swift */; };
		5D8589491AE8F19300E25B89 /* Main.storyboard in Resources */ = {isa = PBXBuildFile; fileRef = 5D8589471AE8F19300E25B89 /* Main.storyboard */; };
		5D85894B1AE8F19300E25B89 /* Images.xcassets in Resources */ = {isa = PBXBuildFile; fileRef = 5D85894A1AE8F19300E25B89 /* Images.xcassets */; };
		5D85894E1AE8F19300E25B89 /* LaunchScreen.xib in Resources */ = {isa = PBXBuildFile; fileRef = 5D85894C1AE8F19300E25B89 /* LaunchScreen.xib */; };
		5D85895A1AE8F19300E25B89 /* SplitAndPopoverTests.swift in Sources */ = {isa = PBXBuildFile; fileRef = 5D8589591AE8F19300E25B89 /* SplitAndPopoverTests.swift */; };
		5D8589641AE8F1EB00E25B89 /* TopicsTableTableViewController.swift in Sources */ = {isa = PBXBuildFile; fileRef = 5D8589631AE8F1EB00E25B89 /* TopicsTableTableViewController.swift */; };
		5D8589681AE8F24300E25B89 /* TutorialViewController.swift in Sources */ = {isa = PBXBuildFile; fileRef = 5D8589671AE8F24300E25B89 /* TutorialViewController.swift */; };
		5D85896A1AE8F26400E25B89 /* ContainerViewController.swift in Sources */ = {isa = PBXBuildFile; fileRef = 5D8589691AE8F26400E25B89 /* ContainerViewController.swift */; };
		5D85896C1AE8F27700E25B89 /* XMLParser.swift in Sources */ = {isa = PBXBuildFile; fileRef = 5D85896B1AE8F27700E25B89 /* XMLParser.swift */; };
		5D85896E1AEA3CDE00E25B89 /* PopoverViewController.swift in Sources */ = {isa = PBXBuildFile; fileRef = 5D85896D1AEA3CDE00E25B89 /* PopoverViewController.swift */; };
		5D8589701AEA6CD200E25B89 /* HatenaBookmarkRSSParser.swift in Sources */ = {isa = PBXBuildFile; fileRef = 5D85896F1AEA6CD200E25B89 /* HatenaBookmarkRSSParser.swift */; };
/* End PBXBuildFile section */

/* Begin PBXContainerItemProxy section */
		5D8589541AE8F19300E25B89 /* PBXContainerItemProxy */ = {
			isa = PBXContainerItemProxy;
			containerPortal = 5D8589361AE8F19300E25B89 /* Project object */;
			proxyType = 1;
			remoteGlobalIDString = 5D85893D1AE8F19300E25B89;
			remoteInfo = SplitAndPopover;
		};
/* End PBXContainerItemProxy section */

/* Begin PBXFileReference section */
		5D85893E1AE8F19300E25B89 /* SplitAndPopover.app */ = {isa = PBXFileReference; explicitFileType = wrapper.application; includeInIndex = 0; path = SplitAndPopover.app; sourceTree = BUILT_PRODUCTS_DIR; };
		5D8589421AE8F19300E25B89 /* Info.plist */ = {isa = PBXFileReference; lastKnownFileType = text.plist.xml; path = Info.plist; sourceTree = "<group>"; };
		5D8589431AE8F19300E25B89 /* AppDelegate.swift */ = {isa = PBXFileReference; lastKnownFileType = sourcecode.swift; path = AppDelegate.swift; sourceTree = "<group>"; };
		5D8589481AE8F19300E25B89 /* Base */ = {isa = PBXFileReference; lastKnownFileType = file.storyboard; name = Base; path = Base.lproj/Main.storyboard; sourceTree = "<group>"; };
		5D85894A1AE8F19300E25B89 /* Images.xcassets */ = {isa = PBXFileReference; lastKnownFileType = folder.assetcatalog; path = Images.xcassets; sourceTree = "<group>"; };
		5D85894D1AE8F19300E25B89 /* Base */ = {isa = PBXFileReference; lastKnownFileType = file.xib; name = Base; path = Base.lproj/LaunchScreen.xib; sourceTree = "<group>"; };
		5D8589531AE8F19300E25B89 /* SplitAndPopoverTests.xctest */ = {isa = PBXFileReference; explicitFileType = wrapper.cfbundle; includeInIndex = 0; path = SplitAndPopoverTests.xctest; sourceTree = BUILT_PRODUCTS_DIR; };
		5D8589581AE8F19300E25B89 /* Info.plist */ = {isa = PBXFileReference; lastKnownFileType = text.plist.xml; path = Info.plist; sourceTree = "<group>"; };
		5D8589591AE8F19300E25B89 /* SplitAndPopoverTests.swift */ = {isa = PBXFileReference; lastKnownFileType = sourcecode.swift; path = SplitAndPopoverTests.swift; sourceTree = "<group>"; };
		5D8589631AE8F1EB00E25B89 /* TopicsTableTableViewController.swift */ = {isa = PBXFileReference; fileEncoding = 4; lastKnownFileType = sourcecode.swift; name = TopicsTableTableViewController.swift; path = ../TopicsTableTableViewController.swift; sourceTree = "<group>"; };
		5D8589671AE8F24300E25B89 /* TutorialViewController.swift */ = {isa = PBXFileReference; fileEncoding = 4; lastKnownFileType = sourcecode.swift; path = TutorialViewController.swift; sourceTree = SOURCE_ROOT; };
		5D8589691AE8F26400E25B89 /* ContainerViewController.swift */ = {isa = PBXFileReference; fileEncoding = 4; lastKnownFileType = sourcecode.swift; path = ContainerViewController.swift; sourceTree = "<group>"; };
		5D85896B1AE8F27700E25B89 /* XMLParser.swift */ = {isa = PBXFileReference; fileEncoding = 4; lastKnownFileType = sourcecode.swift; path = XMLParser.swift; sourceTree = "<group>"; };
		5D85896D1AEA3CDE00E25B89 /* PopoverViewController.swift */ = {isa = PBXFileReference; fileEncoding = 4; lastKnownFileType = sourcecode.swift; path = PopoverViewController.swift; sourceTree = "<group>"; };
		5D85896F1AEA6CD200E25B89 /* HatenaBookmarkRSSParser.swift */ = {isa = PBXFileReference; fileEncoding = 4; lastKnownFileType = sourcecode.swift; path = HatenaBookmarkRSSParser.swift; sourceTree = "<group>"; };
/* End PBXFileReference section */

/* Begin PBXFrameworksBuildPhase section */
		5D85893B1AE8F19300E25B89 /* Frameworks */ = {
			isa = PBXFrameworksBuildPhase;
			buildActionMask = 2147483647;
			files = (
			);
			runOnlyForDeploymentPostprocessing = 0;
		};
		5D8589501AE8F19300E25B89 /* Frameworks */ = {
			isa = PBXFrameworksBuildPhase;
			buildActionMask = 2147483647;
			files = (
			);
			runOnlyForDeploymentPostprocessing = 0;
		};
/* End PBXFrameworksBuildPhase section */

/* Begin PBXGroup section */
		5D8589351AE8F19300E25B89 = {
			isa = PBXGroup;
			children = (
				5D8589401AE8F19300E25B89 /* SplitAndPopover */,
				5D8589561AE8F19300E25B89 /* SplitAndPopoverTests */,
				5D85893F1AE8F19300E25B89 /* Products */,
			);
			sourceTree = "<group>";
		};
		5D85893F1AE8F19300E25B89 /* Products */ = {
			isa = PBXGroup;
			children = (
				5D85893E1AE8F19300E25B89 /* SplitAndPopover.app */,
				5D8589531AE8F19300E25B89 /* SplitAndPopoverTests.xctest */,
			);
			name = Products;
			sourceTree = "<group>";
		};
		5D8589401AE8F19300E25B89 /* SplitAndPopover */ = {
			isa = PBXGroup;
			children = (
				5D8589631AE8F1EB00E25B89 /* TopicsTableTableViewController.swift */,
				5D8589671AE8F24300E25B89 /* TutorialViewController.swift */,
				5D85896D1AEA3CDE00E25B89 /* PopoverViewController.swift */,
				5D8589691AE8F26400E25B89 /* ContainerViewController.swift */,
				5D85896B1AE8F27700E25B89 /* XMLParser.swift */,
				5D85896F1AEA6CD200E25B89 /* HatenaBookmarkRSSParser.swift */,
				5D8589431AE8F19300E25B89 /* AppDelegate.swift */,
				5D8589471AE8F19300E25B89 /* Main.storyboard */,
				5D85894A1AE8F19300E25B89 /* Images.xcassets */,
				5D85894C1AE8F19300E25B89 /* LaunchScreen.xib */,
				5D8589411AE8F19300E25B89 /* Supporting Files */,
			);
			path = SplitAndPopover;
			sourceTree = "<group>";
		};
		5D8589411AE8F19300E25B89 /* Supporting Files */ = {
			isa = PBXGroup;
			children = (
				5D8589421AE8F19300E25B89 /* Info.plist */,
			);
			name = "Supporting Files";
			sourceTree = "<group>";
		};
		5D8589561AE8F19300E25B89 /* SplitAndPopoverTests */ = {
			isa = PBXGroup;
			children = (
				5D8589591AE8F19300E25B89 /* SplitAndPopoverTests.swift */,
				5D8589571AE8F19300E25B89 /* Supporting Files */,
			);
			path = SplitAndPopoverTests;
			sourceTree = "<group>";
		};
		5D8589571AE8F19300E25B89 /* Supporting Files */ = {
			isa = PBXGroup;
			children = (
				5D8589581AE8F19300E25B89 /* Info.plist */,
			);
			name = "Supporting Files";
			sourceTree = "<group>";
		};
/* End PBXGroup section */

/* Begin PBXNativeTarget section */
		5D85893D1AE8F19300E25B89 /* SplitAndPopover */ = {
			isa = PBXNativeTarget;
			buildConfigurationList = 5D85895D1AE8F19300E25B89 /* Build configuration list for PBXNativeTarget "SplitAndPopover" */;
			buildPhases = (
				5D85893A1AE8F19300E25B89 /* Sources */,
				5D85893B1AE8F19300E25B89 /* Frameworks */,
				5D85893C1AE8F19300E25B89 /* Resources */,
			);
			buildRules = (
			);
			dependencies = (
			);
			name = SplitAndPopover;
			productName = SplitAndPopover;
			productReference = 5D85893E1AE8F19300E25B89 /* SplitAndPopover.app */;
			productType = "com.apple.product-type.application";
		};
		5D8589521AE8F19300E25B89 /* SplitAndPopoverTests */ = {
			isa = PBXNativeTarget;
			buildConfigurationList = 5D8589601AE8F19300E25B89 /* Build configuration list for PBXNativeTarget "SplitAndPopoverTests" */;
			buildPhases = (
				5D85894F1AE8F19300E25B89 /* Sources */,
				5D8589501AE8F19300E25B89 /* Frameworks */,
				5D8589511AE8F19300E25B89 /* Resources */,
			);
			buildRules = (
			);
			dependencies = (
				5D8589551AE8F19300E25B89 /* PBXTargetDependency */,
			);
			name = SplitAndPopoverTests;
			productName = SplitAndPopoverTests;
			productReference = 5D8589531AE8F19300E25B89 /* SplitAndPopoverTests.xctest */;
			productType = "com.apple.product-type.bundle.unit-test";
		};
/* End PBXNativeTarget section */

/* Begin PBXProject section */
		5D8589361AE8F19300E25B89 /* Project object */ = {
			isa = PBXProject;
			attributes = {
				LastUpgradeCheck = 0630;
				ORGANIZATIONNAME = tmitsumune;
				TargetAttributes = {
					5D85893D1AE8F19300E25B89 = {
						CreatedOnToolsVersion = 6.3.1;
					};
					5D8589521AE8F19300E25B89 = {
						CreatedOnToolsVersion = 6.3.1;
						TestTargetID = 5D85893D1AE8F19300E25B89;
					};
				};
			};
			buildConfigurationList = 5D8589391AE8F19300E25B89 /* Build configuration list for PBXProject "SplitAndPopover" */;
			compatibilityVersion = "Xcode 3.2";
			developmentRegion = English;
			hasScannedForEncodings = 0;
			knownRegions = (
				en,
				Base,
			);
			mainGroup = 5D8589351AE8F19300E25B89;
			productRefGroup = 5D85893F1AE8F19300E25B89 /* Products */;
			projectDirPath = "";
			projectRoot = "";
			targets = (
				5D85893D1AE8F19300E25B89 /* SplitAndPopover */,
				5D8589521AE8F19300E25B89 /* SplitAndPopoverTests */,
			);
		};
/* End PBXProject section */

/* Begin PBXResourcesBuildPhase section */
		5D85893C1AE8F19300E25B89 /* Resources */ = {
			isa = PBXResourcesBuildPhase;
			buildActionMask = 2147483647;
			files = (
				5D8589491AE8F19300E25B89 /* Main.storyboard in Resources */,
				5D85894E1AE8F19300E25B89 /* LaunchScreen.xib in Resources */,
				5D85894B1AE8F19300E25B89 /* Images.xcassets in Resources */,
			);
			runOnlyForDeploymentPostprocessing = 0;
		};
		5D8589511AE8F19300E25B89 /* Resources */ = {
			isa = PBXResourcesBuildPhase;
			buildActionMask = 2147483647;
			files = (
			);
			runOnlyForDeploymentPostprocessing = 0;
		};
/* End PBXResourcesBuildPhase section */

/* Begin PBXSourcesBuildPhase section */
		5D85893A1AE8F19300E25B89 /* Sources */ = {
			isa = PBXSourcesBuildPhase;
			buildActionMask = 2147483647;
			files = (
				5D8589641AE8F1EB00E25B89 /* TopicsTableTableViewController.swift in Sources */,
				5D85896C1AE8F27700E25B89 /* XMLParser.swift in Sources */,
				5D8589701AEA6CD200E25B89 /* HatenaBookmarkRSSParser.swift in Sources */,
				5D85896A1AE8F26400E25B89 /* ContainerViewController.swift in Sources */,
				5D8589681AE8F24300E25B89 /* TutorialViewController.swift in Sources */,
				5D85896E1AEA3CDE00E25B89 /* PopoverViewController.swift in Sources */,
				5D8589441AE8F19300E25B89 /* AppDelegate.swift in Sources */,
			);
			runOnlyForDeploymentPostprocessing = 0;
		};
		5D85894F1AE8F19300E25B89 /* Sources */ = {
			isa = PBXSourcesBuildPhase;
			buildActionMask = 2147483647;
			files = (
				5D85895A1AE8F19300E25B89 /* SplitAndPopoverTests.swift in Sources */,
			);
			runOnlyForDeploymentPostprocessing = 0;
		};
/* End PBXSourcesBuildPhase section */

/* Begin PBXTargetDependency section */
		5D8589551AE8F19300E25B89 /* PBXTargetDependency */ = {
			isa = PBXTargetDependency;
			target = 5D85893D1AE8F19300E25B89 /* SplitAndPopover */;
			targetProxy = 5D8589541AE8F19300E25B89 /* PBXContainerItemProxy */;
		};
/* End PBXTargetDependency section */

/* Begin PBXVariantGroup section */
		5D8589471AE8F19300E25B89 /* Main.storyboard */ = {
			isa = PBXVariantGroup;
			children = (
				5D8589481AE8F19300E25B89 /* Base */,
			);
			name = Main.storyboard;
			sourceTree = "<group>";
		};
		5D85894C1AE8F19300E25B89 /* LaunchScreen.xib */ = {
			isa = PBXVariantGroup;
			children = (
				5D85894D1AE8F19300E25B89 /* Base */,
			);
			name = LaunchScreen.xib;
			sourceTree = "<group>";
		};
/* End PBXVariantGroup section */

/* Begin XCBuildConfiguration section */
		5D85895B1AE8F19300E25B89 /* Debug */ = {
			isa = XCBuildConfiguration;
			buildSettings = {
				ALWAYS_SEARCH_USER_PATHS = NO;
				CLANG_CXX_LANGUAGE_STANDARD = "gnu++0x";
				CLANG_CXX_LIBRARY = "libc++";
				CLANG_ENABLE_MODULES = YES;
				CLANG_ENABLE_OBJC_ARC = YES;
				CLANG_WARN_BOOL_CONVERSION = YES;
				CLANG_WARN_CONSTANT_CONVERSION = YES;
				CLANG_WARN_DIRECT_OBJC_ISA_USAGE = YES_ERROR;
				CLANG_WARN_EMPTY_BODY = YES;
				CLANG_WARN_ENUM_CONVERSION = YES;
				CLANG_WARN_INT_CONVERSION = YES;
				CLANG_WARN_OBJC_ROOT_CLASS = YES_ERROR;
				CLANG_WARN_UNREACHABLE_CODE = YES;
				CLANG_WARN__DUPLICATE_METHOD_MATCH = YES;
				"CODE_SIGN_IDENTITY[sdk=iphoneos*]" = "iPhone Developer";
				COPY_PHASE_STRIP = NO;
				DEBUG_INFORMATION_FORMAT = "dwarf-with-dsym";
				ENABLE_STRICT_OBJC_MSGSEND = YES;
				GCC_C_LANGUAGE_STANDARD = gnu99;
				GCC_DYNAMIC_NO_PIC = NO;
				GCC_NO_COMMON_BLOCKS = YES;
				GCC_OPTIMIZATION_LEVEL = 0;
				GCC_PREPROCESSOR_DEFINITIONS = (
					"DEBUG=1",
					"$(inherited)",
				);
				GCC_SYMBOLS_PRIVATE_EXTERN = NO;
				GCC_WARN_64_TO_32_BIT_CONVERSION = YES;
				GCC_WARN_ABOUT_RETURN_TYPE = YES_ERROR;
				GCC_WARN_UNDECLARED_SELECTOR = YES;
				GCC_WARN_UNINITIALIZED_AUTOS = YES_AGGRESSIVE;
				GCC_WARN_UNUSED_FUNCTION = YES;
				GCC_WARN_UNUSED_VARIABLE = YES;
				IPHONEOS_DEPLOYMENT_TARGET = 8.3;
				MTL_ENABLE_DEBUG_INFO = YES;
				ONLY_ACTIVE_ARCH = YES;
				SDKROOT = iphoneos;
				SWIFT_OPTIMIZATION_LEVEL = "-Onone";
			};
			name = Debug;
		};
		5D85895C1AE8F19300E25B89 /* Release */ = {
			isa = XCBuildConfiguration;
			buildSettings = {
				ALWAYS_SEARCH_USER_PATHS = NO;
				CLANG_CXX_LANGUAGE_STANDARD = "gnu++0x";
				CLANG_CXX_LIBRARY = "libc++";
				CLANG_ENABLE_MODULES = YES;
				CLANG_ENABLE_OBJC_ARC = YES;
				CLANG_WARN_BOOL_CONVERSION = YES;
				CLANG_WARN_CONSTANT_CONVERSION = YES;
				CLANG_WARN_DIRECT_OBJC_ISA_USAGE = YES_ERROR;
				CLANG_WARN_EMPTY_BODY = YES;
				CLANG_WARN_ENUM_CONVERSION = YES;
				CLANG_WARN_INT_CONVERSION = YES;
				CLANG_WARN_OBJC_ROOT_CLASS = YES_ERROR;
				CLANG_WARN_UNREACHABLE_CODE = YES;
				CLANG_WARN__DUPLICATE_METHOD_MATCH = YES;
				"CODE_SIGN_IDENTITY[sdk=iphoneos*]" = "iPhone Developer";
				COPY_PHASE_STRIP = NO;
				DEBUG_INFORMATION_FORMAT = "dwarf-with-dsym";
				ENABLE_NS_ASSERTIONS = NO;
				ENABLE_STRICT_OBJC_MSGSEND = YES;
				GCC_C_LANGUAGE_STANDARD = gnu99;
				GCC_NO_COMMON_BLOCKS = YES;
				GCC_WARN_64_TO_32_BIT_CONVERSION = YES;
				GCC_WARN_ABOUT_RETURN_TYPE = YES_ERROR;
				GCC_WARN_UNDECLARED_SELECTOR = YES;
				GCC_WARN_UNINITIALIZED_AUTOS = YES_AGGRESSIVE;
				GCC_WARN_UNUSED_FUNCTION = YES;
				GCC_WARN_UNUSED_VARIABLE = YES;
				IPHONEOS_DEPLOYMENT_TARGET = 8.3;
				MTL_ENABLE_DEBUG_INFO = NO;
				SDKROOT = iphoneos;
				VALIDATE_PRODUCT = YES;
			};
			name = Release;
		};
		5D85895E1AE8F19300E25B89 /* Debug */ = {
			isa = XCBuildConfiguration;
			buildSettings = {
				ASSETCATALOG_COMPILER_APPICON_NAME = AppIcon;
				INFOPLIST_FILE = SplitAndPopover/Info.plist;
				LD_RUNPATH_SEARCH_PATHS = "$(inherited) @executable_path/Frameworks";
				PRODUCT_NAME = "$(TARGET_NAME)";
			};
			name = Debug;
		};
		5D85895F1AE8F19300E25B89 /* Release */ = {
			isa = XCBuildConfiguration;
			buildSettings = {
				ASSETCATALOG_COMPILER_APPICON_NAME = AppIcon;
				INFOPLIST_FILE = SplitAndPopover/Info.plist;
				LD_RUNPATH_SEARCH_PATHS = "$(inherited) @executable_path/Frameworks";
				PRODUCT_NAME = "$(TARGET_NAME)";
			};
			name = Release;
		};
		5D8589611AE8F19300E25B89 /* Debug */ = {
			isa = XCBuildConfiguration;
			buildSettings = {
				BUNDLE_LOADER = "$(TEST_HOST)";
				FRAMEWORK_SEARCH_PATHS = (
					"$(SDKROOT)/Developer/Library/Frameworks",
					"$(inherited)",
				);
				GCC_PREPROCESSOR_DEFINITIONS = (
					"DEBUG=1",
					"$(inherited)",
				);
				INFOPLIST_FILE = SplitAndPopoverTests/Info.plist;
				LD_RUNPATH_SEARCH_PATHS = "$(inherited) @executable_path/Frameworks @loader_path/Frameworks";
				PRODUCT_NAME = "$(TARGET_NAME)";
				TEST_HOST = "$(BUILT_PRODUCTS_DIR)/SplitAndPopover.app/SplitAndPopover";
			};
			name = Debug;
		};
		5D8589621AE8F19300E25B89 /* Release */ = {
			isa = XCBuildConfiguration;
			buildSettings = {
				BUNDLE_LOADER = "$(TEST_HOST)";
				FRAMEWORK_SEARCH_PATHS = (
					"$(SDKROOT)/Developer/Library/Frameworks",
					"$(inherited)",
				);
				INFOPLIST_FILE = SplitAndPopoverTests/Info.plist;
				LD_RUNPATH_SEARCH_PATHS = "$(inherited) @executable_path/Frameworks @loader_path/Frameworks";
				PRODUCT_NAME = "$(TARGET_NAME)";
				TEST_HOST = "$(BUILT_PRODUCTS_DIR)/SplitAndPopover.app/SplitAndPopover";
			};
			name = Release;
		};
/* End XCBuildConfiguration section */

/* Begin XCConfigurationList section */
		5D8589391AE8F19300E25B89 /* Build configuration list for PBXProject "SplitAndPopover" */ = {
			isa = XCConfigurationList;
			buildConfigurations = (
				5D85895B1AE8F19300E25B89 /* Debug */,
				5D85895C1AE8F19300E25B89 /* Release */,
			);
			defaultConfigurationIsVisible = 0;
			defaultConfigurationName = Release;
		};
		5D85895D1AE8F19300E25B89 /* Build configuration list for PBXNativeTarget "SplitAndPopover" */ = {
			isa = XCConfigurationList;
			buildConfigurations = (
				5D85895E1AE8F19300E25B89 /* Debug */,
				5D85895F1AE8F19300E25B89 /* Release */,
			);
			defaultConfigurationIsVisible = 0;
		};
		5D8589601AE8F19300E25B89 /* Build configuration list for PBXNativeTarget "SplitAndPopoverTests" */ = {
			isa = XCConfigurationList;
			buildConfigurations = (
				5D8589611AE8F19300E25B89 /* Debug */,
				5D8589621AE8F19300E25B89 /* Release */,
			);
			defaultConfigurationIsVisible = 0;
		};
/* End XCConfigurationList section */
	};
	rootObject = 5D8589361AE8F19300E25B89 /* Project object */;
}
